
Microsoft Visual Studio Solution File, Format Version 12.00
# Visual Studio Version 16
VisualStudioVersion = 16.0.31624.102
MinimumVisualStudioVersion = 10.0.40219.1
Project("{8BC9CEB8-8B4A-11D0-8D11-00A0C91BC942}") = "imagePro20190802", "imagePro20190802\imagePro20190802.vcxproj", "{BFF7CF17-7EEC-4428-9AD3-A96AD1519CA4}"
EndProject
Global
	GlobalSection(SolutionConfigurationPlatforms) = preSolution
		Debug|x64 = Debug|x64
		Debug|x86 = Debug|x86
		Release|x64 = Release|x64
		Release|x86 = Release|x86
	EndGlobalSection
	GlobalSection(ProjectConfigurationPlatforms) = postSolution
		{BFF7CF17-7EEC-4428-9AD3-A96AD1519CA4}.Debug|x64.ActiveCfg = Debug|x64
		{BFF7CF17-7EEC-4428-9AD3-A96AD1519CA4}.Debug|x64.Build.0 = Debug|x64
		{BFF7CF17-7EEC-4428-9AD3-A96AD1519CA4}.Debug|x86.ActiveCfg = Debug|Win32
		{BFF7CF17-7EEC-4428-9AD3-A96AD1519CA4}.Debug|x86.Build.0 = Debug|Win32
		{BFF7CF17-7EEC-4428-9AD3-A96AD1519CA4}.Release|x64.ActiveCfg = Release|x64
		{BFF7CF17-7EEC-4428-9AD3-A96AD1519CA4}.Release|x64.Build.0 = Release|x64
		{BFF7CF17-7EEC-4428-9AD3-A96AD1519CA4}.Release|x86.ActiveCfg = Release|Win32
		{BFF7CF17-7EEC-4428-9AD3-A96AD1519CA4}.Release|x86.Build.0 = Release|Win32
	EndGlobalSection
	GlobalSection(SolutionProperties) = preSolution
		HideSolutionNode = FALSE
	EndGlobalSection
	GlobalSection(ExtensibilityGlobals) = postSolution
		SolutionGuid = {0B14D920-B479-4214-BAB9-D6D8D984CA28}
	EndGlobalSection
EndGlobal
